Microsoft Visual Studio Solution File, Format Version 12.00
# Visual Studio Version 16
VisualStudioVersion = 16.0.33027.164
MinimumVisualStudioVersion = 10.0.40219.1
Project("{8BC9CEB8-8B4A-11D0-8D11-00A0C91BC942}") = "OnvifDeviceLib", "onvifcore\OnvifDeviceLib\OnvifDeviceLib.vcxproj", "{863A8EF4-A73E-30AE-893E-184E065348A7}"
EndProject
Project("{8BC9CEB8-8B4A-11D0-8D11-00A0C91BC942}") = "OnvifDiscoveryLib", "onvifcore\OnvifDiscoveryLib\OnvifDiscoveryLib.vcxproj", "{F0BF0898-B83D-30B9-BCC2-77E1B2602BC3}"
EndProject
Project("{8BC9CEB8-8B4A-11D0-8D11-00A0C91BC942}") = "OnvifEventLib", "onvifcore\OnvifEventLib\OnvifEventLib.vcxproj", "{11C0349F-8A5D-3A0D-B1DB-45A2EC9167AB}"
EndProject
Project("{8BC9CEB8-8B4A-11D0-8D11-00A0C91BC942}") = "OnvifAnalyticsLib", "OnvifAnalyticsLib\OnvifAnalyticsLib.vcxproj", "{6555576E-2842-3732-BC65-833D2FC756F7}"
EndProject
Project("{8BC9CEB8-8B4A-11D0-8D11-00A0C91BC942}") = "OnvifDisplayLib", "OnvifDisplayLib\OnvifDisplayLib.vcxproj", "{C4A4398B-6AF1-3504-9EDB-A6953702538E}"
EndProject
Project("{8BC9CEB8-8B4A-11D0-8D11-00A0C91BC942}") = "OnvifImagingLib", "OnvifImagingLib\OnvifImagingLib.vcxproj", "{EA61EA67-716E-3DDE-BF4B-C5F4D8EB4F57}"
EndProject
Project("{8BC9CEB8-8B4A-11D0-8D11-00A0C91BC942}") = "OnvifMediaLib", "OnvifMediaLib\OnvifMediaLib.vcxproj", "{072CA733-CDEB-3985-B54C-652CFBA13060}"
EndProject
Project("{8BC9CEB8-8B4A-11D0-8D11-00A0C91BC942}") = "OnvifPTZLib", "OnvifPTZLib\OnvifPTZLib.vcxproj", "{62A14AA8-772B-362E-B1B7-4D5B132A52AF}"
EndProject
Project("{8BC9CEB8-8B4A-11D0-8D11-00A0C91BC942}") = "OnvifReceiverLib", "OnvifReceiverLib\OnvifReceiverLib.vcxproj", "{99703D05-512E-3DAD-B89C-69E4B492D8D4}"
EndProject
Project("{8BC9CEB8-8B4A-11D0-8D11-00A0C91BC942}") = "OnvifRecordingControlLib", "OnvifRecordingControlLib\OnvifRecordingControlLib.vcxproj", "{FF4B3C6F-A91D-3D64-B454-EA8C88136D5A}"
EndProject
Project("{8BC9CEB8-8B4A-11D0-8D11-00A0C91BC942}") = "OnvifRecordingSearchLib", "OnvifRecordingSearchLib\OnvifRecordingSearchLib.vcxproj", "{34E6B1E1-3F61-3761-96E5-53B2F338D806}"
EndProject
Project("{8BC9CEB8-8B4A-11D0-8D11-00A0C91BC942}") = "OnvifReplayControlLib", "OnvifReplayControlLib\OnvifReplayControlLib.vcxproj", "{A9A95B47-30DB-3FD1-9323-4A700AF2BC7F}"
EndProject
Project("{8BC9CEB8-8B4A-11D0-8D11-00A0C91BC942}") = "OnvifVideoAnalyticsDeviceLib", "OnvifVideoAnalyticsDeviceLib\OnvifVideoAnalyticsDeviceLib.vcxproj", "{2CDBED63-2A1F-3C71-A00A-2A8619AADD05}"
EndProject
Project("{8BC9CEB8-8B4A-11D0-8D11-00A0C91BC942}") = "OnvifWrapper", "OnvifWrapper\OnvifWrapper.vcxproj", "{B3B734A4-87B9-40CF-8067-5E2C799830E1}"
EndProject
Project("{8BC9CEB8-8B4A-11D0-8D11-00A0C91BC942}") = "OnvifWrapperTest", "OnvifWrapperTest\OnvifWrapperTest.vcxproj", "{0D6DBCBB-9D07-4B2A-BE61-D5043E91204C}"
EndProject
Global
	GlobalSection(SolutionConfigurationPlatforms) = preSolution
		Debug|x64 = Debug|x64
		Debug|x86 = Debug|x86
		Release|x64 = Release|x64
		Release|x86 = Release|x86
	EndGlobalSection
	GlobalSection(ProjectConfigurationPlatforms) = postSolution
		{863A8EF4-A73E-30AE-893E-184E065348A7}.Debug|x64.ActiveCfg = Debug|x64
		{863A8EF4-A73E-30AE-893E-184E065348A7}.Debug|x64.Build.0 = Debug|x64
		{863A8EF4-A73E-30AE-893E-184E065348A7}.Debug|x86.ActiveCfg = Debug|x64
		{863A8EF4-A73E-30AE-893E-184E065348A7}.Release|x64.ActiveCfg = Release|x64
		{863A8EF4-A73E-30AE-893E-184E065348A7}.Release|x64.Build.0 = Release|x64
		{863A8EF4-A73E-30AE-893E-184E065348A7}.Release|x86.ActiveCfg = Release|x64
		{F0BF0898-B83D-30B9-BCC2-77E1B2602BC3}.Debug|x64.ActiveCfg = Debug|x64
		{F0BF0898-B83D-30B9-BCC2-77E1B2602BC3}.Debug|x64.Build.0 = Debug|x64
		{F0BF0898-B83D-30B9-BCC2-77E1B2602BC3}.Debug|x86.ActiveCfg = Debug|x64
		{F0BF0898-B83D-30B9-BCC2-77E1B2602BC3}.Release|x64.ActiveCfg = Release|x64
		{F0BF0898-B83D-30B9-BCC2-77E1B2602BC3}.Release|x64.Build.0 = Release|x64
		{F0BF0898-B83D-30B9-BCC2-77E1B2602BC3}.Release|x86.ActiveCfg = Release|x64
		{11C0349F-8A5D-3A0D-B1DB-45A2EC9167AB}.Debug|x64.ActiveCfg = Debug|x64
		{11C0349F-8A5D-3A0D-B1DB-45A2EC9167AB}.Debug|x64.Build.0 = Debug|x64
		{11C0349F-8A5D-3A0D-B1DB-45A2EC9167AB}.Debug|x86.ActiveCfg = Debug|x64
		{11C0349F-8A5D-3A0D-B1DB-45A2EC9167AB}.Release|x64.ActiveCfg = Release|x64
		{11C0349F-8A5D-3A0D-B1DB-45A2EC9167AB}.Release|x64.Build.0 = Release|x64
		{11C0349F-8A5D-3A0D-B1DB-45A2EC9167AB}.Release|x86.ActiveCfg = Release|x64
		{6555576E-2842-3732-BC65-833D2FC756F7}.Debug|x64.ActiveCfg = Debug|x64
		{6555576E-2842-3732-BC65-833D2FC756F7}.Debug|x64.Build.0 = Debug|x64
		{6555576E-2842-3732-BC65-833D2FC756F7}.Debug|x86.ActiveCfg = Debug|x64
		{6555576E-2842-3732-BC65-833D2FC756F7}.Release|x64.ActiveCfg = Release|x64
		{6555576E-2842-3732-BC65-833D2FC756F7}.Release|x64.Build.0 = Release|x64
		{6555576E-2842-3732-BC65-833D2FC756F7}.Release|x86.ActiveCfg = Release|x64
		{C4A4398B-6AF1-3504-9EDB-A6953702538E}.Debug|x64.ActiveCfg = Debug|x64
		{C4A4398B-6AF1-3504-9EDB-A6953702538E}.Debug|x64.Build.0 = Debug|x64
		{C4A4398B-6AF1-3504-9EDB-A6953702538E}.Debug|x86.ActiveCfg = Debug|x64
		{C4A4398B-6AF1-3504-9EDB-A6953702538E}.Release|x64.ActiveCfg = Release|x64
		{C4A4398B-6AF1-3504-9EDB-A6953702538E}.Release|x64.Build.0 = Release|x64
		{C4A4398B-6AF1-3504-9EDB-A6953702538E}.Release|x86.ActiveCfg = Release|x64
		{EA61EA67-716E-3DDE-BF4B-C5F4D8EB4F57}.Debug|x64.ActiveCfg = Debug|x64
		{EA61EA67-716E-3DDE-BF4B-C5F4D8EB4F57}.Debug|x64.Build.0 = Debug|x64
		{EA61EA67-716E-3DDE-BF4B-C5F4D8EB4F57}.Debug|x86.ActiveCfg = Debug|x64
		{EA61EA67-716E-3DDE-BF4B-C5F4D8EB4F57}.Release|x64.ActiveCfg = Release|x64
		{EA61EA67-716E-3DDE-BF4B-C5F4D8EB4F57}.Release|x64.Build.0 = Release|x64
		{EA61EA67-716E-3DDE-BF4B-C5F4D8EB4F57}.Release|x86.ActiveCfg = Release|x64
		{072CA733-CDEB-3985-B54C-652CFBA13060}.Debug|x64.ActiveCfg = Debug|x64
		{072CA733-CDEB-3985-B54C-652CFBA13060}.Debug|x64.Build.0 = Debug|x64
		{072CA733-CDEB-3985-B54C-652CFBA13060}.Debug|x86.ActiveCfg = Debug|x64
		{072CA733-CDEB-3985-B54C-652CFBA13060}.Release|x64.ActiveCfg = Release|x64
		{072CA733-CDEB-3985-B54C-652CFBA13060}.Release|x64.Build.0 = Release|x64
		{072CA733-CDEB-3985-B54C-652CFBA13060}.Release|x86.ActiveCfg = Release|x64
		{62A14AA8-772B-362E-B1B7-4D5B132A52AF}.Debug|x64.ActiveCfg = Debug|x64
		{62A14AA8-772B-362E-B1B7-4D5B132A52AF}.Debug|x64.Build.0 = Debug|x64
		{62A14AA8-772B-362E-B1B7-4D5B132A52AF}.Debug|x86.ActiveCfg = Debug|x64
		{62A14AA8-772B-362E-B1B7-4D5B132A52AF}.Release|x64.ActiveCfg = Release|x64
		{62A14AA8-772B-362E-B1B7-4D5B132A52AF}.Release|x64.Build.0 = Release|x64
		{62A14AA8-772B-362E-B1B7-4D5B132A52AF}.Release|x86.ActiveCfg = Release|x64
		{99703D05-512E-3DAD-B89C-69E4B492D8D4}.Debug|x64.ActiveCfg = Debug|x64
		{99703D05-512E-3DAD-B89C-69E4B492D8D4}.Debug|x64.Build.0 = Debug|x64
		{99703D05-512E-3DAD-B89C-69E4B492D8D4}.Debug|x86.ActiveCfg = Debug|x64
		{99703D05-512E-3DAD-B89C-69E4B492D8D4}.Release|x64.ActiveCfg = Release|x64
		{99703D05-512E-3DAD-B89C-69E4B492D8D4}.Release|x64.Build.0 = Release|x64
		{99703D05-512E-3DAD-B89C-69E4B492D8D4}.Release|x86.ActiveCfg = Release|x64
		{FF4B3C6F-A91D-3D64-B454-EA8C88136D5A}.Debug|x64.ActiveCfg = Debug|x64
		{FF4B3C6F-A91D-3D64-B454-EA8C88136D5A}.Debug|x64.Build.0 = Debug|x64
		{FF4B3C6F-A91D-3D64-B454-EA8C88136D5A}.Debug|x86.ActiveCfg = Debug|x64
		{FF4B3C6F-A91D-3D64-B454-EA8C88136D5A}.Release|x64.ActiveCfg = Release|x64
		{FF4B3C6F-A91D-3D64-B454-EA8C88136D5A}.Release|x64.Build.0 = Release|x64
		{FF4B3C6F-A91D-3D64-B454-EA8C88136D5A}.Release|x86.ActiveCfg = Release|x64
		{34E6B1E1-3F61-3761-96E5-53B2F338D806}.Debug|x64.ActiveCfg = Debug|x64
		{34E6B1E1-3F61-3761-96E5-53B2F338D806}.Debug|x64.Build.0 = Debug|x64
		{34E6B1E1-3F61-3761-96E5-53B2F338D806}.Debug|x86.ActiveCfg = Debug|x64
		{34E6B1E1-3F61-3761-96E5-53B2F338D806}.Release|x64.ActiveCfg = Release|x64
		{34E6B1E1-3F61-3761-96E5-53B2F338D806}.Release|x64.Build.0 = Release|x64
		{34E6B1E1-3F61-3761-96E5-53B2F338D806}.Release|x86.ActiveCfg = Release|x64
		{A9A95B47-30DB-3FD1-9323-4A700AF2BC7F}.Debug|x64.ActiveCfg = Debug|x64
		{A9A95B47-30DB-3FD1-9323-4A700AF2BC7F}.Debug|x64.Build.0 = Debug|x64
		{A9A95B47-30DB-3FD1-9323-4A700AF2BC7F}.Debug|x86.ActiveCfg = Debug|x64
		{A9A95B47-30DB-3FD1-9323-4A700AF2BC7F}.Release|x64.ActiveCfg = Release|x64
		{A9A95B47-30DB-3FD1-9323-4A700AF2BC7F}.Release|x64.Build.0 = Release|x64
		{A9A95B47-30DB-3FD1-9323-4A700AF2BC7F}.Release|x86.ActiveCfg = Release|x64
		{2CDBED63-2A1F-3C71-A00A-2A8619AADD05}.Debug|x64.ActiveCfg = Debug|x64
		{2CDBED63-2A1F-3C71-A00A-2A8619AADD05}.Debug|x64.Build.0 = Debug|x64
		{2CDBED63-2A1F-3C71-A00A-2A8619AADD05}.Debug|x86.ActiveCfg = Debug|x64
		{2CDBED63-2A1F-3C71-A00A-2A8619AADD05}.Release|x64.ActiveCfg = Release|x64
		{2CDBED63-2A1F-3C71-A00A-2A8619AADD05}.Release|x64.Build.0 = Release|x64
		{2CDBED63-2A1F-3C71-A00A-2A8619AADD05}.Release|x86.ActiveCfg = Release|x64
		{B3B734A4-87B9-40CF-8067-5E2C799830E1}.Debug|x64.ActiveCfg = Debug|x64
		{B3B734A4-87B9-40CF-8067-5E2C799830E1}.Debug|x64.Build.0 = Debug|x64
		{B3B734A4-87B9-40CF-8067-5E2C799830E1}.Debug|x86.ActiveCfg = Debug|x64
		{B3B734A4-87B9-40CF-8067-5E2C799830E1}.Release|x64.ActiveCfg = Release|x64
		{B3B734A4-87B9-40CF-8067-5E2C799830E1}.Release|x64.Build.0 = Release|x64
		{B3B734A4-87B9-40CF-8067-5E2C799830E1}.Release|x86.ActiveCfg = Release|x64
		{0D6DBCBB-9D07-4B2A-BE61-D5043E91204C}.Debug|x64.ActiveCfg = Debug|x64
		{0D6DBCBB-9D07-4B2A-BE61-D5043E91204C}.Debug|x64.Build.0 = Debug|x64
		{0D6DBCBB-9D07-4B2A-BE61-D5043E91204C}.Debug|x86.ActiveCfg = Debug|Win32
		{0D6DBCBB-9D07-4B2A-BE61-D5043E91204C}.Debug|x86.Build.0 = Debug|Win32
		{0D6DBCBB-9D07-4B2A-BE61-D5043E91204C}.Release|x64.ActiveCfg = Release|x64
		{0D6DBCBB-9D07-4B2A-BE61-D5043E91204C}.Release|x64.Build.0 = Release|x64
		{0D6DBCBB-9D07-4B2A-BE61-D5043E91204C}.Release|x86.ActiveCfg = Release|Win32
		{0D6DBCBB-9D07-4B2A-BE61-D5043E91204C}.Release|x86.Build.0 = Release|Win32
	EndGlobalSection
	GlobalSection(SolutionProperties) = preSolution
		HideSolutionNode = FALSE
	EndGlobalSection
	GlobalSection(ExtensibilityGlobals) = postSolution
		SolutionGuid = {6E71864F-1DCA-464B-AFAE-6B4A3458740E}
		Qt5Version = msvc2019_64
	EndGlobalSection
EndGlobal
