Microsoft Visual Studio Solution File, Format Version 12.00
# Visual Studio Version 16
VisualStudioVersion = 16.0.33130.400
MinimumVisualStudioVersion = 10.0.40219.1
Project("{8BC9CEB8-8B4A-11D0-8D11-00A0C91BC942}") = "OnvifDeviceLib", "onvifcore\OnvifDeviceLib\OnvifDeviceLib.vcxproj", "{BA69D16A-D176-3D96-B439-5FEBB29C2E79}"
EndProject
Project("{8BC9CEB8-8B4A-11D0-8D11-00A0C91BC942}") = "OnvifDiscoveryLib", "onvifcore\OnvifDiscoveryLib\OnvifDiscoveryLib.vcxproj", "{D565D270-AE0C-3A3F-878B-F207F771D280}"
EndProject
Project("{8BC9CEB8-8B4A-11D0-8D11-00A0C91BC942}") = "OnvifEventLib", "onvifcore\OnvifEventLib\OnvifEventLib.vcxproj", "{47B64233-4843-37D5-8E0B-DF83A649952F}"
EndProject
Project("{8BC9CEB8-8B4A-11D0-8D11-00A0C91BC942}") = "OnvifAnalyticsLib", "OnvifAnalyticsLib\OnvifAnalyticsLib.vcxproj", "{E0842370-5E10-366C-B75F-EC0185134F8D}"
EndProject
Project("{8BC9CEB8-8B4A-11D0-8D11-00A0C91BC942}") = "OnvifDisplayLib", "OnvifDisplayLib\OnvifDisplayLib.vcxproj", "{8F73AC95-0331-3C8E-9E06-12CA7833FCDB}"
EndProject
Project("{8BC9CEB8-8B4A-11D0-8D11-00A0C91BC942}") = "OnvifImagingLib", "OnvifImagingLib\OnvifImagingLib.vcxproj", "{CE96FC28-2486-39E5-B22B-E5DCE55EDAB5}"
EndProject
Project("{8BC9CEB8-8B4A-11D0-8D11-00A0C91BC942}") = "OnvifMediaLib", "OnvifMediaLib\OnvifMediaLib.vcxproj", "{092E3076-BA71-3BAB-BCC1-5832BBF529A6}"
EndProject
Project("{8BC9CEB8-8B4A-11D0-8D11-00A0C91BC942}") = "OnvifPTZLib", "OnvifPTZLib\OnvifPTZLib.vcxproj", "{5B11D9EC-E711-348D-B8B5-0D827297BCD4}"
EndProject
Project("{8BC9CEB8-8B4A-11D0-8D11-00A0C91BC942}") = "OnvifReceiverLib", "OnvifReceiverLib\OnvifReceiverLib.vcxproj", "{1F64F2F6-4BE5-3F2F-B288-68D225353CE3}"
EndProject
Project("{8BC9CEB8-8B4A-11D0-8D11-00A0C91BC942}") = "OnvifRecordingControlLib", "OnvifRecordingControlLib\OnvifRecordingControlLib.vcxproj", "{5B4E2AFD-BAEA-3049-83F9-56FAD29DF5F0}"
EndProject
Project("{8BC9CEB8-8B4A-11D0-8D11-00A0C91BC942}") = "OnvifRecordingSearchLib", "OnvifRecordingSearchLib\OnvifRecordingSearchLib.vcxproj", "{08D2B05E-3FFA-3AF5-8366-78C52AAB3B07}"
EndProject
Project("{8BC9CEB8-8B4A-11D0-8D11-00A0C91BC942}") = "OnvifReplayControlLib", "OnvifReplayControlLib\OnvifReplayControlLib.vcxproj", "{FC98099E-1D22-3F10-A2C8-9B5CB1DEF9F6}"
EndProject
Project("{8BC9CEB8-8B4A-11D0-8D11-00A0C91BC942}") = "OnvifVideoAnalyticsDeviceLib", "OnvifVideoAnalyticsDeviceLib\OnvifVideoAnalyticsDeviceLib.vcxproj", "{23637FD5-2894-3964-9D9A-527DD9E9B7FC}"
EndProject
Project("{8BC9CEB8-8B4A-11D0-8D11-00A0C91BC942}") = "OnvifWrapper", "OnvifWrapper\OnvifWrapper.vcxproj", "{B3B734A4-87B9-40CF-8067-5E2C799830E1}"
EndProject
Project("{8BC9CEB8-8B4A-11D0-8D11-00A0C91BC942}") = "OnvifWrapperTest", "OnvifWrapperTest\OnvifWrapperTest.vcxproj", "{0D6DBCBB-9D07-4B2A-BE61-D5043E91204C}"
EndProject
Global
	GlobalSection(SolutionConfigurationPlatforms) = preSolution
		Debug|x64 = Debug|x64
		Debug|x86 = Debug|x86
		Release|x64 = Release|x64
		Release|x86 = Release|x86
	EndGlobalSection
	GlobalSection(ProjectConfigurationPlatforms) = postSolution
		{BA69D16A-D176-3D96-B439-5FEBB29C2E79}.Debug|x64.ActiveCfg = Debug|x64
		{BA69D16A-D176-3D96-B439-5FEBB29C2E79}.Debug|x64.Build.0 = Debug|x64
		{BA69D16A-D176-3D96-B439-5FEBB29C2E79}.Debug|x86.ActiveCfg = Debug|x64
		{BA69D16A-D176-3D96-B439-5FEBB29C2E79}.Release|x64.ActiveCfg = Release|x64
		{BA69D16A-D176-3D96-B439-5FEBB29C2E79}.Release|x64.Build.0 = Release|x64
		{BA69D16A-D176-3D96-B439-5FEBB29C2E79}.Release|x86.ActiveCfg = Release|x64
		{D565D270-AE0C-3A3F-878B-F207F771D280}.Debug|x64.ActiveCfg = Debug|x64
		{D565D270-AE0C-3A3F-878B-F207F771D280}.Debug|x64.Build.0 = Debug|x64
		{D565D270-AE0C-3A3F-878B-F207F771D280}.Debug|x86.ActiveCfg = Debug|x64
		{D565D270-AE0C-3A3F-878B-F207F771D280}.Release|x64.ActiveCfg = Release|x64
		{D565D270-AE0C-3A3F-878B-F207F771D280}.Release|x64.Build.0 = Release|x64
		{D565D270-AE0C-3A3F-878B-F207F771D280}.Release|x86.ActiveCfg = Release|x64
		{47B64233-4843-37D5-8E0B-DF83A649952F}.Debug|x64.ActiveCfg = Debug|x64
		{47B64233-4843-37D5-8E0B-DF83A649952F}.Debug|x64.Build.0 = Debug|x64
		{47B64233-4843-37D5-8E0B-DF83A649952F}.Debug|x86.ActiveCfg = Debug|x64
		{47B64233-4843-37D5-8E0B-DF83A649952F}.Release|x64.ActiveCfg = Release|x64
		{47B64233-4843-37D5-8E0B-DF83A649952F}.Release|x64.Build.0 = Release|x64
		{47B64233-4843-37D5-8E0B-DF83A649952F}.Release|x86.ActiveCfg = Release|x64
		{E0842370-5E10-366C-B75F-EC0185134F8D}.Debug|x64.ActiveCfg = Debug|x64
		{E0842370-5E10-366C-B75F-EC0185134F8D}.Debug|x64.Build.0 = Debug|x64
		{E0842370-5E10-366C-B75F-EC0185134F8D}.Debug|x86.ActiveCfg = Debug|x64
		{E0842370-5E10-366C-B75F-EC0185134F8D}.Release|x64.ActiveCfg = Release|x64
		{E0842370-5E10-366C-B75F-EC0185134F8D}.Release|x64.Build.0 = Release|x64
		{E0842370-5E10-366C-B75F-EC0185134F8D}.Release|x86.ActiveCfg = Release|x64
		{8F73AC95-0331-3C8E-9E06-12CA7833FCDB}.Debug|x64.ActiveCfg = Debug|x64
		{8F73AC95-0331-3C8E-9E06-12CA7833FCDB}.Debug|x64.Build.0 = Debug|x64
		{8F73AC95-0331-3C8E-9E06-12CA7833FCDB}.Debug|x86.ActiveCfg = Debug|x64
		{8F73AC95-0331-3C8E-9E06-12CA7833FCDB}.Release|x64.ActiveCfg = Release|x64
		{8F73AC95-0331-3C8E-9E06-12CA7833FCDB}.Release|x64.Build.0 = Release|x64
		{8F73AC95-0331-3C8E-9E06-12CA7833FCDB}.Release|x86.ActiveCfg = Release|x64
		{CE96FC28-2486-39E5-B22B-E5DCE55EDAB5}.Debug|x64.ActiveCfg = Debug|x64
		{CE96FC28-2486-39E5-B22B-E5DCE55EDAB5}.Debug|x64.Build.0 = Debug|x64
		{CE96FC28-2486-39E5-B22B-E5DCE55EDAB5}.Debug|x86.ActiveCfg = Debug|x64
		{CE96FC28-2486-39E5-B22B-E5DCE55EDAB5}.Release|x64.ActiveCfg = Release|x64
		{CE96FC28-2486-39E5-B22B-E5DCE55EDAB5}.Release|x64.Build.0 = Release|x64
		{CE96FC28-2486-39E5-B22B-E5DCE55EDAB5}.Release|x86.ActiveCfg = Release|x64
		{092E3076-BA71-3BAB-BCC1-5832BBF529A6}.Debug|x64.ActiveCfg = Debug|x64
		{092E3076-BA71-3BAB-BCC1-5832BBF529A6}.Debug|x64.Build.0 = Debug|x64
		{092E3076-BA71-3BAB-BCC1-5832BBF529A6}.Debug|x86.ActiveCfg = Debug|x64
		{092E3076-BA71-3BAB-BCC1-5832BBF529A6}.Release|x64.ActiveCfg = Release|x64
		{092E3076-BA71-3BAB-BCC1-5832BBF529A6}.Release|x64.Build.0 = Release|x64
		{092E3076-BA71-3BAB-BCC1-5832BBF529A6}.Release|x86.ActiveCfg = Release|x64
		{5B11D9EC-E711-348D-B8B5-0D827297BCD4}.Debug|x64.ActiveCfg = Debug|x64
		{5B11D9EC-E711-348D-B8B5-0D827297BCD4}.Debug|x64.Build.0 = Debug|x64
		{5B11D9EC-E711-348D-B8B5-0D827297BCD4}.Debug|x86.ActiveCfg = Debug|x64
		{5B11D9EC-E711-348D-B8B5-0D827297BCD4}.Release|x64.ActiveCfg = Release|x64
		{5B11D9EC-E711-348D-B8B5-0D827297BCD4}.Release|x64.Build.0 = Release|x64
		{5B11D9EC-E711-348D-B8B5-0D827297BCD4}.Release|x86.ActiveCfg = Release|x64
		{1F64F2F6-4BE5-3F2F-B288-68D225353CE3}.Debug|x64.ActiveCfg = Debug|x64
		{1F64F2F6-4BE5-3F2F-B288-68D225353CE3}.Debug|x64.Build.0 = Debug|x64
		{1F64F2F6-4BE5-3F2F-B288-68D225353CE3}.Debug|x86.ActiveCfg = Debug|x64
		{1F64F2F6-4BE5-3F2F-B288-68D225353CE3}.Release|x64.ActiveCfg = Release|x64
		{1F64F2F6-4BE5-3F2F-B288-68D225353CE3}.Release|x64.Build.0 = Release|x64
		{1F64F2F6-4BE5-3F2F-B288-68D225353CE3}.Release|x86.ActiveCfg = Release|x64
		{5B4E2AFD-BAEA-3049-83F9-56FAD29DF5F0}.Debug|x64.ActiveCfg = Debug|x64
		{5B4E2AFD-BAEA-3049-83F9-56FAD29DF5F0}.Debug|x64.Build.0 = Debug|x64
		{5B4E2AFD-BAEA-3049-83F9-56FAD29DF5F0}.Debug|x86.ActiveCfg = Debug|x64
		{5B4E2AFD-BAEA-3049-83F9-56FAD29DF5F0}.Release|x64.ActiveCfg = Release|x64
		{5B4E2AFD-BAEA-3049-83F9-56FAD29DF5F0}.Release|x64.Build.0 = Release|x64
		{5B4E2AFD-BAEA-3049-83F9-56FAD29DF5F0}.Release|x86.ActiveCfg = Release|x64
		{08D2B05E-3FFA-3AF5-8366-78C52AAB3B07}.Debug|x64.ActiveCfg = Debug|x64
		{08D2B05E-3FFA-3AF5-8366-78C52AAB3B07}.Debug|x64.Build.0 = Debug|x64
		{08D2B05E-3FFA-3AF5-8366-78C52AAB3B07}.Debug|x86.ActiveCfg = Debug|x64
		{08D2B05E-3FFA-3AF5-8366-78C52AAB3B07}.Release|x64.ActiveCfg = Release|x64
		{08D2B05E-3FFA-3AF5-8366-78C52AAB3B07}.Release|x64.Build.0 = Release|x64
		{08D2B05E-3FFA-3AF5-8366-78C52AAB3B07}.Release|x86.ActiveCfg = Release|x64
		{FC98099E-1D22-3F10-A2C8-9B5CB1DEF9F6}.Debug|x64.ActiveCfg = Debug|x64
		{FC98099E-1D22-3F10-A2C8-9B5CB1DEF9F6}.Debug|x64.Build.0 = Debug|x64
		{FC98099E-1D22-3F10-A2C8-9B5CB1DEF9F6}.Debug|x86.ActiveCfg = Debug|x64
		{FC98099E-1D22-3F10-A2C8-9B5CB1DEF9F6}.Release|x64.ActiveCfg = Release|x64
		{FC98099E-1D22-3F10-A2C8-9B5CB1DEF9F6}.Release|x64.Build.0 = Release|x64
		{FC98099E-1D22-3F10-A2C8-9B5CB1DEF9F6}.Release|x86.ActiveCfg = Release|x64
		{23637FD5-2894-3964-9D9A-527DD9E9B7FC}.Debug|x64.ActiveCfg = Debug|x64
		{23637FD5-2894-3964-9D9A-527DD9E9B7FC}.Debug|x64.Build.0 = Debug|x64
		{23637FD5-2894-3964-9D9A-527DD9E9B7FC}.Debug|x86.ActiveCfg = Debug|x64
		{23637FD5-2894-3964-9D9A-527DD9E9B7FC}.Release|x64.ActiveCfg = Release|x64
		{23637FD5-2894-3964-9D9A-527DD9E9B7FC}.Release|x64.Build.0 = Release|x64
		{23637FD5-2894-3964-9D9A-527DD9E9B7FC}.Release|x86.ActiveCfg = Release|x64
		{B3B734A4-87B9-40CF-8067-5E2C799830E1}.Debug|x64.ActiveCfg = Debug|x64
		{B3B734A4-87B9-40CF-8067-5E2C799830E1}.Debug|x64.Build.0 = Debug|x64
		{B3B734A4-87B9-40CF-8067-5E2C799830E1}.Debug|x86.ActiveCfg = Debug|x64
		{B3B734A4-87B9-40CF-8067-5E2C799830E1}.Release|x64.ActiveCfg = Release|x64
		{B3B734A4-87B9-40CF-8067-5E2C799830E1}.Release|x64.Build.0 = Release|x64
		{B3B734A4-87B9-40CF-8067-5E2C799830E1}.Release|x86.ActiveCfg = Release|x64
		{0D6DBCBB-9D07-4B2A-BE61-D5043E91204C}.Debug|x64.ActiveCfg = Debug|x64
		{0D6DBCBB-9D07-4B2A-BE61-D5043E91204C}.Debug|x64.Build.0 = Debug|x64
		{0D6DBCBB-9D07-4B2A-BE61-D5043E91204C}.Debug|x86.ActiveCfg = Debug|Win32
		{0D6DBCBB-9D07-4B2A-BE61-D5043E91204C}.Debug|x86.Build.0 = Debug|Win32
		{0D6DBCBB-9D07-4B2A-BE61-D5043E91204C}.Release|x64.ActiveCfg = Release|x64
		{0D6DBCBB-9D07-4B2A-BE61-D5043E91204C}.Release|x64.Build.0 = Release|x64
		{0D6DBCBB-9D07-4B2A-BE61-D5043E91204C}.Release|x86.ActiveCfg = Release|Win32
		{0D6DBCBB-9D07-4B2A-BE61-D5043E91204C}.Release|x86.Build.0 = Release|Win32
	EndGlobalSection
	GlobalSection(SolutionProperties) = preSolution
		HideSolutionNode = FALSE
	EndGlobalSection
	GlobalSection(ExtensibilityGlobals) = postSolution
		Qt5Version = 2019
		SolutionGuid = {992CF545-C012-46A8-99B7-5735D45011FD}
	EndGlobalSection
EndGlobal
